
Microsoft Visual Studio Solution File, Format Version 12.00
# Visual Studio Version 16
VisualStudioVersion = 16.0.31911.196
MinimumVisualStudioVersion = 10.0.40219.1
Project("{9A19103F-16F7-4668-BE54-9A1E7A4F7556}") = "Group33_COMP306_GroupProject", "Group33_COMP306_GroupProject\Group33_COMP306_GroupProject.csproj", "{8776F9CF-9BA4-4E33-BE38-250AC897115C}"
EndProject
Project("{9A19103F-16F7-4668-BE54-9A1E7A4F7556}") = "RecipeLibrary", "RecipeLibrary\RecipeLibrary.csproj", "{13CBB98E-75C0-4455-AD51-170F99CAED76}"
EndProject
Project("{FAE04EC0-301F-11D3-BF4B-00C04F79EFBC}") = "RecipeWebApp", "RecipeWebApp\RecipeWebApp.csproj", "{7D5D5C13-9BBF-4998-8DF6-46AE34544E8F}"
EndProject
Global
	GlobalSection(SolutionConfigurationPlatforms) = preSolution
		Debug|Any CPU = Debug|Any CPU
		Release|Any CPU = Release|Any CPU
	EndGlobalSection
	GlobalSection(ProjectConfigurationPlatforms) = postSolution
		{8776F9CF-9BA4-4E33-BE38-250AC897115C}.Debug|Any CPU.ActiveCfg = Debug|Any CPU
		{8776F9CF-9BA4-4E33-BE38-250AC897115C}.Debug|Any CPU.Build.0 = Debug|Any CPU
		{8776F9CF-9BA4-4E33-BE38-250AC897115C}.Release|Any CPU.ActiveCfg = Release|Any CPU
		{8776F9CF-9BA4-4E33-BE38-250AC897115C}.Release|Any CPU.Build.0 = Release|Any CPU
		{13CBB98E-75C0-4455-AD51-170F99CAED76}.Debug|Any CPU.ActiveCfg = Debug|Any CPU
		{13CBB98E-75C0-4455-AD51-170F99CAED76}.Debug|Any CPU.Build.0 = Debug|Any CPU
		{13CBB98E-75C0-4455-AD51-170F99CAED76}.Release|Any CPU.ActiveCfg = Release|Any CPU
		{13CBB98E-75C0-4455-AD51-170F99CAED76}.Release|Any CPU.Build.0 = Release|Any CPU
		{7D5D5C13-9BBF-4998-8DF6-46AE34544E8F}.Debug|Any CPU.ActiveCfg = Debug|Any CPU
		{7D5D5C13-9BBF-4998-8DF6-46AE34544E8F}.Debug|Any CPU.Build.0 = Debug|Any CPU
		{7D5D5C13-9BBF-4998-8DF6-46AE34544E8F}.Release|Any CPU.ActiveCfg = Release|Any CPU
		{7D5D5C13-9BBF-4998-8DF6-46AE34544E8F}.Release|Any CPU.Build.0 = Release|Any CPU
	EndGlobalSection
	GlobalSection(SolutionProperties) = preSolution
		HideSolutionNode = FALSE
	EndGlobalSection
	GlobalSection(ExtensibilityGlobals) = postSolution
		SolutionGuid = {B74506E3-199E-4AC3-98C3-F02ED0D6884F}
	EndGlobalSection
EndGlobal
